// !$*UTF8*$!
{
	archiveVersion = 1;
	classes = {
	};
	objectVersion = 51;
	objects = {

/* Begin PBXBuildFile section */
		66005FA9244547E300BF4E1F /* LoginView.swift in Sources */ = {isa = PBXBuildFile; fileRef = 66005FA8244547E300BF4E1F /* LoginView.swift */; };
		66026FB3243A41F200D53289 /* EmailSignUpView.swift in Sources */ = {isa = PBXBuildFile; fileRef = 66026FB2243A41F200D53289 /* EmailSignUpView.swift */; };
		6611F5822439678800807EAC /* WelcomeView.swift in Sources */ = {isa = PBXBuildFile; fileRef = 6611F5812439678800807EAC /* WelcomeView.swift */; };
		6611F584243968D700807EAC /* GoogleService-Info.plist in Resources */ = {isa = PBXBuildFile; fileRef = 6611F583243968D700807EAC /* GoogleService-Info.plist */; };
		6611F5862439698E00807EAC /* GoogleSignInView.swift in Sources */ = {isa = PBXBuildFile; fileRef = 6611F5852439698E00807EAC /* GoogleSignInView.swift */; };
		661FC2CE2445530200B6FE6C /* Assets.xcassets in Resources */ = {isa = PBXBuildFile; fileRef = 661FC2CD2445530200B6FE6C /* Assets.xcassets */; };
		66405115244931C2000589BA /* ActivityIndicator.swift in Sources */ = {isa = PBXBuildFile; fileRef = 66405114244931C2000589BA /* ActivityIndicator.swift */; };
		6640511B24496160000589BA /* ShoppingListView.swift in Sources */ = {isa = PBXBuildFile; fileRef = 6640511A24496160000589BA /* ShoppingListView.swift */; };
		6655E37F24421AFF00565B3C /* SettingsView.swift in Sources */ = {isa = PBXBuildFile; fileRef = 6655E37E24421AFF00565B3C /* SettingsView.swift */; };
		6655E38124423BC000565B3C /* UserSettingsSession.swift in Sources */ = {isa = PBXBuildFile; fileRef = 6655E38024423BC000565B3C /* UserSettingsSession.swift */; };
		6676D0372425B72100E13D55 /* AppDelegate.swift in Sources */ = {isa = PBXBuildFile; fileRef = 6676D0362425B72100E13D55 /* AppDelegate.swift */; };
		6676D0392425B72100E13D55 /* SceneDelegate.swift in Sources */ = {isa = PBXBuildFile; fileRef = 6676D0382425B72100E13D55 /* SceneDelegate.swift */; };
		6676D03E2425B72100E13D55 /* ContentView.swift in Sources */ = {isa = PBXBuildFile; fileRef = 6676D03D2425B72100E13D55 /* ContentView.swift */; };
		6676D0432425B72200E13D55 /* Preview Assets.xcassets in Resources */ = {isa = PBXBuildFile; fileRef = 6676D0422425B72200E13D55 /* Preview Assets.xcassets */; };
		6676D0462425B72200E13D55 /* LaunchScreen.storyboard in Resources */ = {isa = PBXBuildFile; fileRef = 6676D0442425B72200E13D55 /* LaunchScreen.storyboard */; };
		6676D0522425B7A800E13D55 /* DiscoverView.swift in Sources */ = {isa = PBXBuildFile; fileRef = 6676D0512425B7A800E13D55 /* DiscoverView.swift */; };
		6676D0542425B7B600E13D55 /* RecipeBookView.swift in Sources */ = {isa = PBXBuildFile; fileRef = 6676D0532425B7B600E13D55 /* RecipeBookView.swift */; };
		6676D0562425B7ED00E13D55 /* Recipe.swift in Sources */ = {isa = PBXBuildFile; fileRef = 6676D0552425B7ED00E13D55 /* Recipe.swift */; };
		6676D0582425B7FB00E13D55 /* RecipeBookViewModel.swift in Sources */ = {isa = PBXBuildFile; fileRef = 6676D0572425B7FB00E13D55 /* RecipeBookViewModel.swift */; };
		668113E624312B160055EBFA /* User.swift in Sources */ = {isa = PBXBuildFile; fileRef = 668113E524312B160055EBFA /* User.swift */; };
		66A291BD2430F4E70098B290 /* SessionStore.swift in Sources */ = {isa = PBXBuildFile; fileRef = 66A291BC2430F4E70098B290 /* SessionStore.swift */; };
		66D74B0E244A9A7F00E9810C /* ShoppingListViewModel.swift in Sources */ = {isa = PBXBuildFile; fileRef = 66D74B0D244A9A7F00E9810C /* ShoppingListViewModel.swift */; };
		66EEA7632426C21500602889 /* ProfileView.swift in Sources */ = {isa = PBXBuildFile; fileRef = 66EEA7622426C21500602889 /* ProfileView.swift */; };
		66EEA76C242701CA00602889 /* RecipeView.swift in Sources */ = {isa = PBXBuildFile; fileRef = 66EEA76B242701CA00602889 /* RecipeView.swift */; };
		6FA625C56BF60AB4B0D50187 /* Pods_RecipeApp.framework in Frameworks */ = {isa = PBXBuildFile; fileRef = A8342521D0821DD70018EBA5 /* Pods_RecipeApp.framework */; };
/* End PBXBuildFile section */

/* Begin PBXFileReference section */
		66005FA8244547E300BF4E1F /* LoginView.swift */ = {isa = PBXFileReference; lastKnownFileType = sourcecode.swift; path = LoginView.swift; sourceTree = "<group>"; };
		66026FB2243A41F200D53289 /* EmailSignUpView.swift */ = {isa = PBXFileReference; lastKnownFileType = sourcecode.swift; path = EmailSignUpView.swift; sourceTree = "<group>"; };
		6611F5812439678800807EAC /* WelcomeView.swift */ = {isa = PBXFileReference; lastKnownFileType = sourcecode.swift; path = WelcomeView.swift; sourceTree = "<group>"; };
		6611F583243968D700807EAC /* GoogleService-Info.plist */ = {isa = PBXFileReference; lastKnownFileType = text.plist; path = "GoogleService-Info.plist"; sourceTree = SOURCE_ROOT; };
		6611F5852439698E00807EAC /* GoogleSignInView.swift */ = {isa = PBXFileReference; lastKnownFileType = sourcecode.swift; path = GoogleSignInView.swift; sourceTree = "<group>"; };
		661FC2CD2445530200B6FE6C /* Assets.xcassets */ = {isa = PBXFileReference; lastKnownFileType = folder.assetcatalog; path = Assets.xcassets; sourceTree = "<group>"; };
		66405114244931C2000589BA /* ActivityIndicator.swift */ = {isa = PBXFileReference; lastKnownFileType = sourcecode.swift; path = ActivityIndicator.swift; sourceTree = "<group>"; };
		6640511A24496160000589BA /* ShoppingListView.swift */ = {isa = PBXFileReference; lastKnownFileType = sourcecode.swift; path = ShoppingListView.swift; sourceTree = "<group>"; };
		6655E37E24421AFF00565B3C /* SettingsView.swift */ = {isa = PBXFileReference; lastKnownFileType = sourcecode.swift; path = SettingsView.swift; sourceTree = "<group>"; };
		6655E38024423BC000565B3C /* UserSettingsSession.swift */ = {isa = PBXFileReference; lastKnownFileType = sourcecode.swift; path = UserSettingsSession.swift; sourceTree = "<group>"; };
		6676D0332425B72100E13D55 /* RecipeApp.app */ = {isa = PBXFileReference; explicitFileType = wrapper.application; includeInIndex = 0; path = RecipeApp.app; sourceTree = BUILT_PRODUCTS_DIR; };
		6676D0362425B72100E13D55 /* AppDelegate.swift */ = {isa = PBXFileReference; lastKnownFileType = sourcecode.swift; path = AppDelegate.swift; sourceTree = "<group>"; };
		6676D0382425B72100E13D55 /* SceneDelegate.swift */ = {isa = PBXFileReference; lastKnownFileType = sourcecode.swift; path = SceneDelegate.swift; sourceTree = "<group>"; };
		6676D03D2425B72100E13D55 /* ContentView.swift */ = {isa = PBXFileReference; lastKnownFileType = sourcecode.swift; path = ContentView.swift; sourceTree = "<group>"; };
		6676D0422425B72200E13D55 /* Preview Assets.xcassets */ = {isa = PBXFileReference; lastKnownFileType = folder.assetcatalog; path = "Preview Assets.xcassets"; sourceTree = "<group>"; };
		6676D0452425B72200E13D55 /* Base */ = {isa = PBXFileReference; lastKnownFileType = file.storyboard; name = Base; path = Base.lproj/LaunchScreen.storyboard; sourceTree = "<group>"; };
		6676D0472425B72200E13D55 /* Info.plist */ = {isa = PBXFileReference; lastKnownFileType = text.plist.xml; path = Info.plist; sourceTree = "<group>"; };
		6676D0512425B7A800E13D55 /* DiscoverView.swift */ = {isa = PBXFileReference; lastKnownFileType = sourcecode.swift; path = DiscoverView.swift; sourceTree = "<group>"; };
		6676D0532425B7B600E13D55 /* RecipeBookView.swift */ = {isa = PBXFileReference; lastKnownFileType = sourcecode.swift; path = RecipeBookView.swift; sourceTree = "<group>"; };
		6676D0552425B7ED00E13D55 /* Recipe.swift */ = {isa = PBXFileReference; lastKnownFileType = sourcecode.swift; path = Recipe.swift; sourceTree = "<group>"; };
		6676D0572425B7FB00E13D55 /* RecipeBookViewModel.swift */ = {isa = PBXFileReference; lastKnownFileType = sourcecode.swift; path = RecipeBookViewModel.swift; sourceTree = "<group>"; };
		668113E524312B160055EBFA /* User.swift */ = {isa = PBXFileReference; lastKnownFileType = sourcecode.swift; path = User.swift; sourceTree = "<group>"; };
		66A291BC2430F4E70098B290 /* SessionStore.swift */ = {isa = PBXFileReference; lastKnownFileType = sourcecode.swift; path = SessionStore.swift; sourceTree = "<group>"; };
		66D74B0D244A9A7F00E9810C /* ShoppingListViewModel.swift */ = {isa = PBXFileReference; lastKnownFileType = sourcecode.swift; path = ShoppingListViewModel.swift; sourceTree = "<group>"; };
		66EEA7622426C21500602889 /* ProfileView.swift */ = {isa = PBXFileReference; lastKnownFileType = sourcecode.swift; path = ProfileView.swift; sourceTree = "<group>"; };
		66EEA76B242701CA00602889 /* RecipeView.swift */ = {isa = PBXFileReference; lastKnownFileType = sourcecode.swift; path = RecipeView.swift; sourceTree = "<group>"; };
		7883CE20B7333F4BFEE5CA16 /* Pods-RecipeApp.debug.xcconfig */ = {isa = PBXFileReference; includeInIndex = 1; lastKnownFileType = text.xcconfig; name = "Pods-RecipeApp.debug.xcconfig"; path = "Target Support Files/Pods-RecipeApp/Pods-RecipeApp.debug.xcconfig"; sourceTree = "<group>"; };
		90D42C1DFA758EFF796AB24D /* Pods-RecipeApp.release.xcconfig */ = {isa = PBXFileReference; includeInIndex = 1; lastKnownFileType = text.xcconfig; name = "Pods-RecipeApp.release.xcconfig"; path = "Target Support Files/Pods-RecipeApp/Pods-RecipeApp.release.xcconfig"; sourceTree = "<group>"; };
		A8342521D0821DD70018EBA5 /* Pods_RecipeApp.framework */ = {isa = PBXFileReference; explicitFileType = wrapper.framework; includeInIndex = 0; path = Pods_RecipeApp.framework; sourceTree = BUILT_PRODUCTS_DIR; };
/* End PBXFileReference section */

/* Begin PBXFrameworksBuildPhase section */
		6676D0302425B72100E13D55 /* Frameworks */ = {
			isa = PBXFrameworksBuildPhase;
			buildActionMask = 2147483647;
			files = (
				6FA625C56BF60AB4B0D50187 /* Pods_RecipeApp.framework in Frameworks */,
			);
			runOnlyForDeploymentPostprocessing = 0;
		};
/* End PBXFrameworksBuildPhase section */

/* Begin PBXGroup section */
		1BC79AFF68A160AEBDC9990D /* Frameworks */ = {
			isa = PBXGroup;
			children = (
				A8342521D0821DD70018EBA5 /* Pods_RecipeApp.framework */,
			);
			name = Frameworks;
			sourceTree = "<group>";
		};
		3B177B8C456EDA3A7E439CDF /* Pods */ = {
			isa = PBXGroup;
			children = (
				7883CE20B7333F4BFEE5CA16 /* Pods-RecipeApp.debug.xcconfig */,
				90D42C1DFA758EFF796AB24D /* Pods-RecipeApp.release.xcconfig */,
			);
			path = Pods;
			sourceTree = "<group>";
		};
		66026FAF243A418800D53289 /* Sign In and Up Views */ = {
			isa = PBXGroup;
			children = (
				6611F5852439698E00807EAC /* GoogleSignInView.swift */,
				6611F5812439678800807EAC /* WelcomeView.swift */,
				66026FB2243A41F200D53289 /* EmailSignUpView.swift */,
				66005FA8244547E300BF4E1F /* LoginView.swift */,
			);
			path = "Sign In and Up Views";
			sourceTree = "<group>";
		};
		66026FB6243A905200D53289 /* Helper */ = {
			isa = PBXGroup;
			children = (
				66405114244931C2000589BA /* ActivityIndicator.swift */,
			);
			path = Helper;
			sourceTree = "<group>";
		};
		6676D02A2425B72100E13D55 = {
			isa = PBXGroup;
			children = (
				6676D0352425B72100E13D55 /* RecipeApp */,
				6676D0342425B72100E13D55 /* Products */,
				3B177B8C456EDA3A7E439CDF /* Pods */,
				1BC79AFF68A160AEBDC9990D /* Frameworks */,
			);
			sourceTree = "<group>";
		};
		6676D0342425B72100E13D55 /* Products */ = {
			isa = PBXGroup;
			children = (
				6676D0332425B72100E13D55 /* RecipeApp.app */,
			);
			name = Products;
			sourceTree = "<group>";
		};
		6676D0352425B72100E13D55 /* RecipeApp */ = {
			isa = PBXGroup;
			children = (
				6676D0362425B72100E13D55 /* AppDelegate.swift */,
				6676D0382425B72100E13D55 /* SceneDelegate.swift */,
				6676D0442425B72200E13D55 /* LaunchScreen.storyboard */,
				6676D0472425B72200E13D55 /* Info.plist */,
				6611F583243968D700807EAC /* GoogleService-Info.plist */,
				661FC2CD2445530200B6FE6C /* Assets.xcassets */,
				6676D0412425B72200E13D55 /* Preview Content */,
				66026FB6243A905200D53289 /* Helper */,
				66EEA7612426BB9300602889 /* View */,
				66EEA7602426BB8C00602889 /* ViewModel */,
				66EEA75E2426BB6E00602889 /* Model */,
			);
			path = RecipeApp;
			sourceTree = "<group>";
		};
		6676D0412425B72200E13D55 /* Preview Content */ = {
			isa = PBXGroup;
			children = (
				6676D0422425B72200E13D55 /* Preview Assets.xcassets */,
			);
			path = "Preview Content";
			sourceTree = "<group>";
		};
		66EEA75E2426BB6E00602889 /* Model */ = {
			isa = PBXGroup;
			children = (
				6676D0552425B7ED00E13D55 /* Recipe.swift */,
				668113E524312B160055EBFA /* User.swift */,
			);
			path = Model;
			sourceTree = "<group>";
		};
		66EEA7602426BB8C00602889 /* ViewModel */ = {
			isa = PBXGroup;
			children = (
				6676D0572425B7FB00E13D55 /* RecipeBookViewModel.swift */,
				66D74B0D244A9A7F00E9810C /* ShoppingListViewModel.swift */,
				66A291BC2430F4E70098B290 /* SessionStore.swift */,
				6655E38024423BC000565B3C /* UserSettingsSession.swift */,
			);
			path = ViewModel;
			sourceTree = "<group>";
		};
		66EEA7612426BB9300602889 /* View */ = {
			isa = PBXGroup;
			children = (
				6676D03D2425B72100E13D55 /* ContentView.swift */,
				6676D0512425B7A800E13D55 /* DiscoverView.swift */,
				66EEA76B242701CA00602889 /* RecipeView.swift */,
				6676D0532425B7B600E13D55 /* RecipeBookView.swift */,
				6640511A24496160000589BA /* ShoppingListView.swift */,
				66EEA7622426C21500602889 /* ProfileView.swift */,
				6655E37E24421AFF00565B3C /* SettingsView.swift */,
				66026FAF243A418800D53289 /* Sign In and Up Views */,
			);
			path = View;
			sourceTree = "<group>";
		};
/* End PBXGroup section */

/* Begin PBXNativeTarget section */
		6676D0322425B72100E13D55 /* RecipeApp */ = {
			isa = PBXNativeTarget;
			buildConfigurationList = 6676D04A2425B72200E13D55 /* Build configuration list for PBXNativeTarget "RecipeApp" */;
			buildPhases = (
				0B49D735A142A9E9CD01FFE6 /* [CP] Check Pods Manifest.lock */,
				6676D02F2425B72100E13D55 /* Sources */,
				6676D0302425B72100E13D55 /* Frameworks */,
				6676D0312425B72100E13D55 /* Resources */,
				0E751BD02E6A1A69ED6483AE /* [CP] Embed Pods Frameworks */,
				4727ADFBB2AA28BB29674926 /* [CP] Copy Pods Resources */,
			);
			buildRules = (
			);
			dependencies = (
			);
			name = RecipeApp;
			packageProductDependencies = (
			);
			productName = RecipeApp;
			productReference = 6676D0332425B72100E13D55 /* RecipeApp.app */;
			productType = "com.apple.product-type.application";
		};
/* End PBXNativeTarget section */

/* Begin PBXProject section */
		6676D02B2425B72100E13D55 /* Project object */ = {
			isa = PBXProject;
			attributes = {
				LastSwiftUpdateCheck = 1130;
				LastUpgradeCheck = 1130;
				ORGANIZATIONNAME = "Scott Pourshalchi";
				TargetAttributes = {
					6676D0322425B72100E13D55 = {
						CreatedOnToolsVersion = 11.3.1;
					};
				};
			};
			buildConfigurationList = 6676D02E2425B72100E13D55 /* Build configuration list for PBXProject "RecipeApp" */;
			compatibilityVersion = "Xcode 9.3";
			developmentRegion = en;
			hasScannedForEncodings = 0;
			knownRegions = (
				en,
				Base,
			);
			mainGroup = 6676D02A2425B72100E13D55;
			packageReferences = (
			);
			productRefGroup = 6676D0342425B72100E13D55 /* Products */;
			projectDirPath = "";
			projectRoot = "";
			targets = (
				6676D0322425B72100E13D55 /* RecipeApp */,
			);
		};
/* End PBXProject section */

/* Begin PBXResourcesBuildPhase section */
		6676D0312425B72100E13D55 /* Resources */ = {
			isa = PBXResourcesBuildPhase;
			buildActionMask = 2147483647;
			files = (
				6676D0462425B72200E13D55 /* LaunchScreen.storyboard in Resources */,
				6611F584243968D700807EAC /* GoogleService-Info.plist in Resources */,
				661FC2CE2445530200B6FE6C /* Assets.xcassets in Resources */,
				6676D0432425B72200E13D55 /* Preview Assets.xcassets in Resources */,
			);
			runOnlyForDeploymentPostprocessing = 0;
		};
/* End PBXResourcesBuildPhase section */

/* Begin PBXShellScriptBuildPhase section */
		0B49D735A142A9E9CD01FFE6 /* [CP] Check Pods Manifest.lock */ = {
			isa = PBXShellScriptBuildPhase;
			buildActionMask = 2147483647;
			files = (
			);
			inputFileListPaths = (
			);
			inputPaths = (
				"${PODS_PODFILE_DIR_PATH}/Podfile.lock",
				"${PODS_ROOT}/Manifest.lock",
			);
			name = "[CP] Check Pods Manifest.lock";
			outputFileListPaths = (
			);
			outputPaths = (
				"$(DERIVED_FILE_DIR)/Pods-RecipeApp-checkManifestLockResult.txt",
			);
			runOnlyForDeploymentPostprocessing = 0;
			shellPath = /bin/sh;
			shellScript = "diff \"${PODS_PODFILE_DIR_PATH}/Podfile.lock\" \"${PODS_ROOT}/Manifest.lock\" > /dev/null\nif [ $? != 0 ] ; then\n    # print error to STDERR\n    echo \"error: The sandbox is not in sync with the Podfile.lock. Run 'pod install' or update your CocoaPods installation.\" >&2\n    exit 1\nfi\n# This output is used by Xcode 'outputs' to avoid re-running this script phase.\necho \"SUCCESS\" > \"${SCRIPT_OUTPUT_FILE_0}\"\n";
			showEnvVarsInLog = 0;
		};
		0E751BD02E6A1A69ED6483AE /* [CP] Embed Pods Frameworks */ = {
			isa = PBXShellScriptBuildPhase;
			buildActionMask = 2147483647;
			files = (
			);
			inputFileListPaths = (
				"${PODS_ROOT}/Target Support Files/Pods-RecipeApp/Pods-RecipeApp-frameworks-${CONFIGURATION}-input-files.xcfilelist",
			);
			name = "[CP] Embed Pods Frameworks";
			outputFileListPaths = (
				"${PODS_ROOT}/Target Support Files/Pods-RecipeApp/Pods-RecipeApp-frameworks-${CONFIGURATION}-output-files.xcfilelist",
			);
			runOnlyForDeploymentPostprocessing = 0;
			shellPath = /bin/sh;
			shellScript = "\"${PODS_ROOT}/Target Support Files/Pods-RecipeApp/Pods-RecipeApp-frameworks.sh\"\n";
			showEnvVarsInLog = 0;
		};
		4727ADFBB2AA28BB29674926 /* [CP] Copy Pods Resources */ = {
			isa = PBXShellScriptBuildPhase;
			buildActionMask = 2147483647;
			files = (
			);
			inputFileListPaths = (
				"${PODS_ROOT}/Target Support Files/Pods-RecipeApp/Pods-RecipeApp-resources-${CONFIGURATION}-input-files.xcfilelist",
			);
			name = "[CP] Copy Pods Resources";
			outputFileListPaths = (
				"${PODS_ROOT}/Target Support Files/Pods-RecipeApp/Pods-RecipeApp-resources-${CONFIGURATION}-output-files.xcfilelist",
			);
			runOnlyForDeploymentPostprocessing = 0;
			shellPath = /bin/sh;
			shellScript = "\"${PODS_ROOT}/Target Support Files/Pods-RecipeApp/Pods-RecipeApp-resources.sh\"\n";
			showEnvVarsInLog = 0;
		};
/* End PBXShellScriptBuildPhase section */

/* Begin PBXSourcesBuildPhase section */
		6676D02F2425B72100E13D55 /* Sources */ = {
			isa = PBXSourcesBuildPhase;
			buildActionMask = 2147483647;
			files = (
				6655E37F24421AFF00565B3C /* SettingsView.swift in Sources */,
				6676D0582425B7FB00E13D55 /* RecipeBookViewModel.swift in Sources */,
				66EEA7632426C21500602889 /* ProfileView.swift in Sources */,
				6676D0372425B72100E13D55 /* AppDelegate.swift in Sources */,
				668113E624312B160055EBFA /* User.swift in Sources */,
				66005FA9244547E300BF4E1F /* LoginView.swift in Sources */,
				6676D0522425B7A800E13D55 /* DiscoverView.swift in Sources */,
				6676D03E2425B72100E13D55 /* ContentView.swift in Sources */,
				66EEA76C242701CA00602889 /* RecipeView.swift in Sources */,
				6676D0562425B7ED00E13D55 /* Recipe.swift in Sources */,
				66A291BD2430F4E70098B290 /* SessionStore.swift in Sources */,
				6611F5862439698E00807EAC /* GoogleSignInView.swift in Sources */,
				6676D0542425B7B600E13D55 /* RecipeBookView.swift in Sources */,
				6676D0392425B72100E13D55 /* SceneDelegate.swift in Sources */,
				6611F5822439678800807EAC /* WelcomeView.swift in Sources */,
				66D74B0E244A9A7F00E9810C /* ShoppingListViewModel.swift in Sources */,
				66405115244931C2000589BA /* ActivityIndicator.swift in Sources */,
				6640511B24496160000589BA /* ShoppingListView.swift in Sources */,
				66026FB3243A41F200D53289 /* EmailSignUpView.swift in Sources */,
				6655E38124423BC000565B3C /* UserSettingsSession.swift in Sources */,
			);
			runOnlyForDeploymentPostprocessing = 0;
		};
/* End PBXSourcesBuildPhase section */

/* Begin PBXVariantGroup section */
		6676D0442425B72200E13D55 /* LaunchScreen.storyboard */ = {
			isa = PBXVariantGroup;
			children = (
				6676D0452425B72200E13D55 /* Base */,
			);
			name = LaunchScreen.storyboard;
			sourceTree = "<group>";
		};
/* End PBXVariantGroup section */

/* Begin XCBuildConfiguration section */
		6676D0482425B72200E13D55 /* Debug */ = {
			isa = XCBuildConfiguration;
			buildSettings = {
				ALWAYS_SEARCH_USER_PATHS = NO;
				CLANG_ANALYZER_NONNULL = YES;
				CLANG_ANALYZER_NUMBER_OBJECT_CONVERSION = YES_AGGRESSIVE;
				CLANG_CXX_LANGUAGE_STANDARD = "gnu++14";
				CLANG_CXX_LIBRARY = "libc++";
				CLANG_ENABLE_MODULES = YES;
				CLANG_ENABLE_OBJC_ARC = YES;
				CLANG_ENABLE_OBJC_WEAK = YES;
				CLANG_WARN_BLOCK_CAPTURE_AUTORELEASING = YES;
				CLANG_WARN_BOOL_CONVERSION = YES;
				CLANG_WARN_COMMA = YES;
				CLANG_WARN_CONSTANT_CONVERSION = YES;
				CLANG_WARN_DEPRECATED_OBJC_IMPLEMENTATIONS = YES;
				CLANG_WARN_DIRECT_OBJC_ISA_USAGE = YES_ERROR;
				CLANG_WARN_DOCUMENTATION_COMMENTS = YES;
				CLANG_WARN_EMPTY_BODY = YES;
				CLANG_WARN_ENUM_CONVERSION = YES;
				CLANG_WARN_INFINITE_RECURSION = YES;
				CLANG_WARN_INT_CONVERSION = YES;
				CLANG_WARN_NON_LITERAL_NULL_CONVERSION = YES;
				CLANG_WARN_OBJC_IMPLICIT_RETAIN_SELF = YES;
				CLANG_WARN_OBJC_LITERAL_CONVERSION = YES;
				CLANG_WARN_OBJC_ROOT_CLASS = YES_ERROR;
				CLANG_WARN_RANGE_LOOP_ANALYSIS = YES;
				CLANG_WARN_STRICT_PROTOTYPES = YES;
				CLANG_WARN_SUSPICIOUS_MOVE = YES;
				CLANG_WARN_UNGUARDED_AVAILABILITY = YES_AGGRESSIVE;
				CLANG_WARN_UNREACHABLE_CODE = YES;
				CLANG_WARN__DUPLICATE_METHOD_MATCH = YES;
				COPY_PHASE_STRIP = NO;
				DEBUG_INFORMATION_FORMAT = dwarf;
				ENABLE_STRICT_OBJC_MSGSEND = YES;
				ENABLE_TESTABILITY = YES;
				GCC_C_LANGUAGE_STANDARD = gnu11;
				GCC_DYNAMIC_NO_PIC = NO;
				GCC_NO_COMMON_BLOCKS = YES;
				GCC_OPTIMIZATION_LEVEL = 0;
				GCC_PREPROCESSOR_DEFINITIONS = (
					"DEBUG=1",
					"$(inherited)",
				);
				GCC_WARN_64_TO_32_BIT_CONVERSION = YES;
				GCC_WARN_ABOUT_RETURN_TYPE = YES_ERROR;
				GCC_WARN_UNDECLARED_SELECTOR = YES;
				GCC_WARN_UNINITIALIZED_AUTOS = YES_AGGRESSIVE;
				GCC_WARN_UNUSED_FUNCTION = YES;
				GCC_WARN_UNUSED_VARIABLE = YES;
				IPHONEOS_DEPLOYMENT_TARGET = 13.2;
				MTL_ENABLE_DEBUG_INFO = INCLUDE_SOURCE;
				MTL_FAST_MATH = YES;
				ONLY_ACTIVE_ARCH = YES;
				SDKROOT = iphoneos;
				SWIFT_ACTIVE_COMPILATION_CONDITIONS = DEBUG;
				SWIFT_OPTIMIZATION_LEVEL = "-Onone";
				SWIFT_VERSION = "";
			};
			name = Debug;
		};
		6676D0492425B72200E13D55 /* Release */ = {
			isa = XCBuildConfiguration;
			buildSettings = {
				ALWAYS_SEARCH_USER_PATHS = NO;
				CLANG_ANALYZER_NONNULL = YES;
				CLANG_ANALYZER_NUMBER_OBJECT_CONVERSION = YES_AGGRESSIVE;
				CLANG_CXX_LANGUAGE_STANDARD = "gnu++14";
				CLANG_CXX_LIBRARY = "libc++";
				CLANG_ENABLE_MODULES = YES;
				CLANG_ENABLE_OBJC_ARC = YES;
				CLANG_ENABLE_OBJC_WEAK = YES;
				CLANG_WARN_BLOCK_CAPTURE_AUTORELEASING = YES;
				CLANG_WARN_BOOL_CONVERSION = YES;
				CLANG_WARN_COMMA = YES;
				CLANG_WARN_CONSTANT_CONVERSION = YES;
				CLANG_WARN_DEPRECATED_OBJC_IMPLEMENTATIONS = YES;
				CLANG_WARN_DIRECT_OBJC_ISA_USAGE = YES_ERROR;
				CLANG_WARN_DOCUMENTATION_COMMENTS = YES;
				CLANG_WARN_EMPTY_BODY = YES;
				CLANG_WARN_ENUM_CONVERSION = YES;
				CLANG_WARN_INFINITE_RECURSION = YES;
				CLANG_WARN_INT_CONVERSION = YES;
				CLANG_WARN_NON_LITERAL_NULL_CONVERSION = YES;
				CLANG_WARN_OBJC_IMPLICIT_RETAIN_SELF = YES;
				CLANG_WARN_OBJC_LITERAL_CONVERSION = YES;
				CLANG_WARN_OBJC_ROOT_CLASS = YES_ERROR;
				CLANG_WARN_RANGE_LOOP_ANALYSIS = YES;
				CLANG_WARN_STRICT_PROTOTYPES = YES;
				CLANG_WARN_SUSPICIOUS_MOVE = YES;
				CLANG_WARN_UNGUARDED_AVAILABILITY = YES_AGGRESSIVE;
				CLANG_WARN_UNREACHABLE_CODE = YES;
				CLANG_WARN__DUPLICATE_METHOD_MATCH = YES;
				COPY_PHASE_STRIP = NO;
				DEBUG_INFORMATION_FORMAT = "dwarf-with-dsym";
				ENABLE_NS_ASSERTIONS = NO;
				ENABLE_STRICT_OBJC_MSGSEND = YES;
				GCC_C_LANGUAGE_STANDARD = gnu11;
				GCC_NO_COMMON_BLOCKS = YES;
				GCC_WARN_64_TO_32_BIT_CONVERSION = YES;
				GCC_WARN_ABOUT_RETURN_TYPE = YES_ERROR;
				GCC_WARN_UNDECLARED_SELECTOR = YES;
				GCC_WARN_UNINITIALIZED_AUTOS = YES_AGGRESSIVE;
				GCC_WARN_UNUSED_FUNCTION = YES;
				GCC_WARN_UNUSED_VARIABLE = YES;
				IPHONEOS_DEPLOYMENT_TARGET = 13.2;
				MTL_ENABLE_DEBUG_INFO = NO;
				MTL_FAST_MATH = YES;
				SDKROOT = iphoneos;
				SWIFT_COMPILATION_MODE = wholemodule;
				SWIFT_OPTIMIZATION_LEVEL = "-O";
				SWIFT_VERSION = "";
				VALIDATE_PRODUCT = YES;
			};
			name = Release;
		};
		6676D04B2425B72200E13D55 /* Debug */ = {
			isa = XCBuildConfiguration;
			baseConfigurationReference = 7883CE20B7333F4BFEE5CA16 /* Pods-RecipeApp.debug.xcconfig */;
			buildSettings = {
				ASSETCATALOG_COMPILER_APPICON_NAME = AppIcon;
				CODE_SIGN_STYLE = Automatic;
				DEVELOPMENT_ASSET_PATHS = "RecipeApp/Preview\\ Content";
				DEVELOPMENT_TEAM = VHN25GBA69;
				ENABLE_PREVIEWS = YES;
				INFOPLIST_FILE = RecipeApp/Info.plist;
				LD_RUNPATH_SEARCH_PATHS = (
					"$(inherited)",
					"@executable_path/Frameworks",
				);
				PRODUCT_BUNDLE_IDENTIFIER = Scott.RecipeApp;
				PRODUCT_NAME = "$(TARGET_NAME)";
				SWIFT_VERSION = 5.0;
				TARGETED_DEVICE_FAMILY = "1,2";
			};
			name = Debug;
		};
		6676D04C2425B72200E13D55 /* Release */ = {
			isa = XCBuildConfiguration;
			baseConfigurationReference = 90D42C1DFA758EFF796AB24D /* Pods-RecipeApp.release.xcconfig */;
			buildSettings = {
				ASSETCATALOG_COMPILER_APPICON_NAME = AppIcon;
				CODE_SIGN_STYLE = Automatic;
				DEVELOPMENT_ASSET_PATHS = "RecipeApp/Preview\\ Content";
				DEVELOPMENT_TEAM = VHN25GBA69;
				ENABLE_PREVIEWS = YES;
				INFOPLIST_FILE = RecipeApp/Info.plist;
				LD_RUNPATH_SEARCH_PATHS = (
					"$(inherited)",
					"@executable_path/Frameworks",
				);
				PRODUCT_BUNDLE_IDENTIFIER = Scott.RecipeApp;
				PRODUCT_NAME = "$(TARGET_NAME)";
				SWIFT_VERSION = 5.0;
				TARGETED_DEVICE_FAMILY = "1,2";
			};
			name = Release;
		};
/* End XCBuildConfiguration section */

/* Begin XCConfigurationList section */
		6676D02E2425B72100E13D55 /* Build configuration list for PBXProject "RecipeApp" */ = {
			isa = XCConfigurationList;
			buildConfigurations = (
				6676D0482425B72200E13D55 /* Debug */,
				6676D0492425B72200E13D55 /* Release */,
			);
			defaultConfigurationIsVisible = 0;
			defaultConfigurationName = Release;
		};
		6676D04A2425B72200E13D55 /* Build configuration list for PBXNativeTarget "RecipeApp" */ = {
			isa = XCConfigurationList;
			buildConfigurations = (
				6676D04B2425B72200E13D55 /* Debug */,
				6676D04C2425B72200E13D55 /* Release */,
			);
			defaultConfigurationIsVisible = 0;
			defaultConfigurationName = Release;
		};
/* End XCConfigurationList section */
	};
	rootObject = 6676D02B2425B72100E13D55 /* Project object */;
}
